
Microsoft Visual Studio Solution File, Format Version 12.00
# Visual Studio Version 17
VisualStudioVersion = 17.0.31912.275
MinimumVisualStudioVersion = 10.0.40219.1
Project("{9A19103F-16F7-4668-BE54-9A1E7A4F7556}") = "Producer", "Producer\Producer.csproj", "{E18778ED-B074-407A-801C-45D7E7A3C2BE}"
EndProject
Project("{9A19103F-16F7-4668-BE54-9A1E7A4F7556}") = "Consumer", "Consumer\Consumer.csproj", "{70C207EA-D915-45C9-AC8F-0370F06EA767}"
EndProject
Project("{9A19103F-16F7-4668-BE54-9A1E7A4F7556}") = "Shared", "Shared\Shared.csproj", "{7940D5D5-E27D-4B0F-A41C-F4F04D4B0CC1}"
EndProject
Project("{FAE04EC0-301F-11D3-BF4B-00C04F79EFBC}") = "PipelineDemo", "PipelineDemo\PipelineDemo.csproj", "{B5CC8CCC-071D-4F6D-8A68-348A28ECD73F}"
EndProject
Global
	GlobalSection(SolutionConfigurationPlatforms) = preSolution
		Debug|Any CPU = Debug|Any CPU
		Release|Any CPU = Release|Any CPU
	EndGlobalSection
	GlobalSection(ProjectConfigurationPlatforms) = postSolution
		{E18778ED-B074-407A-801C-45D7E7A3C2BE}.Debug|Any CPU.ActiveCfg = Debug|Any CPU
		{E18778ED-B074-407A-801C-45D7E7A3C2BE}.Debug|Any CPU.Build.0 = Debug|Any CPU
		{E18778ED-B074-407A-801C-45D7E7A3C2BE}.Release|Any CPU.ActiveCfg = Release|Any CPU
		{E18778ED-B074-407A-801C-45D7E7A3C2BE}.Release|Any CPU.Build.0 = Release|Any CPU
		{70C207EA-D915-45C9-AC8F-0370F06EA767}.Debug|Any CPU.ActiveCfg = Debug|Any CPU
		{70C207EA-D915-45C9-AC8F-0370F06EA767}.Debug|Any CPU.Build.0 = Debug|Any CPU
		{70C207EA-D915-45C9-AC8F-0370F06EA767}.Release|Any CPU.ActiveCfg = Release|Any CPU
		{70C207EA-D915-45C9-AC8F-0370F06EA767}.Release|Any CPU.Build.0 = Release|Any CPU
		{7940D5D5-E27D-4B0F-A41C-F4F04D4B0CC1}.Debug|Any CPU.ActiveCfg = Debug|Any CPU
		{7940D5D5-E27D-4B0F-A41C-F4F04D4B0CC1}.Debug|Any CPU.Build.0 = Debug|Any CPU
		{7940D5D5-E27D-4B0F-A41C-F4F04D4B0CC1}.Release|Any CPU.ActiveCfg = Release|Any CPU
		{7940D5D5-E27D-4B0F-A41C-F4F04D4B0CC1}.Release|Any CPU.Build.0 = Release|Any CPU
		{B5CC8CCC-071D-4F6D-8A68-348A28ECD73F}.Debug|Any CPU.ActiveCfg = Debug|Any CPU
		{B5CC8CCC-071D-4F6D-8A68-348A28ECD73F}.Debug|Any CPU.Build.0 = Debug|Any CPU
		{B5CC8CCC-071D-4F6D-8A68-348A28ECD73F}.Release|Any CPU.ActiveCfg = Release|Any CPU
		{B5CC8CCC-071D-4F6D-8A68-348A28ECD73F}.Release|Any CPU.Build.0 = Release|Any CPU
	EndGlobalSection
	GlobalSection(SolutionProperties) = preSolution
		HideSolutionNode = FALSE
	EndGlobalSection
	GlobalSection(ExtensibilityGlobals) = postSolution
		SolutionGuid = {8189AFB9-58A4-465C-B8BD-A077186EFB3E}
	EndGlobalSection
EndGlobal
